// !$*UTF8*$!
{
	archiveVersion = 1;
	classes = {
	};
	objectVersion = 46;
	objects = {

/* Begin PBXBuildFile section */
		5214C5E41EB40FAB000CE7BF /* UpcomingAlbumsTableViewController.swift in Sources */ = {isa = PBXBuildFile; fileRef = 5214C5E21EB40FAB000CE7BF /* UpcomingAlbumsTableViewController.swift */; };
		5214C5E51EB40FAB000CE7BF /* UpcomingAlbumsTableViewController.xib in Resources */ = {isa = PBXBuildFile; fileRef = 5214C5E31EB40FAB000CE7BF /* UpcomingAlbumsTableViewController.xib */; };
		5214C5E71EB42209000CE7BF /* UpcomingExtension.swift in Sources */ = {isa = PBXBuildFile; fileRef = 5214C5E61EB42209000CE7BF /* UpcomingExtension.swift */; };
		5214C5EB1EB8B4AE000CE7BF /* ArtistViewController.swift in Sources */ = {isa = PBXBuildFile; fileRef = 5214C5E91EB8B4AE000CE7BF /* ArtistViewController.swift */; };
		5214C5EC1EB8B4AE000CE7BF /* ArtistViewController.xib in Resources */ = {isa = PBXBuildFile; fileRef = 5214C5EA1EB8B4AE000CE7BF /* ArtistViewController.xib */; };
		5214C5EF1EB8B80A000CE7BF /* ArtistPageViewController.swift in Sources */ = {isa = PBXBuildFile; fileRef = 5214C5ED1EB8B80A000CE7BF /* ArtistPageViewController.swift */; };
		5214C5F01EB8B80A000CE7BF /* ArtistPageViewController.xib in Resources */ = {isa = PBXBuildFile; fileRef = 5214C5EE1EB8B80A000CE7BF /* ArtistPageViewController.xib */; };
		5214C5F21EB8B8CD000CE7BF /* ArtistExtension.swift in Sources */ = {isa = PBXBuildFile; fileRef = 5214C5F11EB8B8CD000CE7BF /* ArtistExtension.swift */; };
		5214C5F51EB8D7B8000CE7BF /* ArtistBiographyViewController.swift in Sources */ = {isa = PBXBuildFile; fileRef = 5214C5F31EB8D7B8000CE7BF /* ArtistBiographyViewController.swift */; };
		5214C5F61EB8D7B8000CE7BF /* ArtistBiographyViewController.xib in Resources */ = {isa = PBXBuildFile; fileRef = 5214C5F41EB8D7B8000CE7BF /* ArtistBiographyViewController.xib */; };
		5214C5F91EB8D9D2000CE7BF /* ActiveBandsTableViewController.swift in Sources */ = {isa = PBXBuildFile; fileRef = 5214C5F71EB8D9D2000CE7BF /* ActiveBandsTableViewController.swift */; };
		5214C5FA1EB8D9D2000CE7BF /* ActiveBandsTableViewController.xib in Resources */ = {isa = PBXBuildFile; fileRef = 5214C5F81EB8D9D2000CE7BF /* ActiveBandsTableViewController.xib */; };
		5214C5FD1EB8DF4B000CE7BF /* PastBandsTableViewController.swift in Sources */ = {isa = PBXBuildFile; fileRef = 5214C5FB1EB8DF4B000CE7BF /* PastBandsTableViewController.swift */; };
		5214C5FE1EB8DF4B000CE7BF /* PastBandsTableViewController.xib in Resources */ = {isa = PBXBuildFile; fileRef = 5214C5FC1EB8DF4B000CE7BF /* PastBandsTableViewController.xib */; };
		52270FD01E9B8E82004A41D0 /* AppDelegate.swift in Sources */ = {isa = PBXBuildFile; fileRef = 52270FCF1E9B8E82004A41D0 /* AppDelegate.swift */; };
		52270FD21E9B8E82004A41D0 /* ViewController.swift in Sources */ = {isa = PBXBuildFile; fileRef = 52270FD11E9B8E82004A41D0 /* ViewController.swift */; };
		52270FD51E9B8E82004A41D0 /* Main.storyboard in Resources */ = {isa = PBXBuildFile; fileRef = 52270FD31E9B8E82004A41D0 /* Main.storyboard */; };
		52270FD71E9B8E82004A41D0 /* Assets.xcassets in Resources */ = {isa = PBXBuildFile; fileRef = 52270FD61E9B8E82004A41D0 /* Assets.xcassets */; };
		52270FDA1E9B8E82004A41D0 /* LaunchScreen.storyboard in Resources */ = {isa = PBXBuildFile; fileRef = 52270FD81E9B8E82004A41D0 /* LaunchScreen.storyboard */; };
		52270FE41E9B8EC4004A41D0 /* DataBase.xcdatamodeld in Sources */ = {isa = PBXBuildFile; fileRef = 52270FE21E9B8EC4004A41D0 /* DataBase.xcdatamodeld */; };
		524C64F81EA00CC10010CD1C /* BandPageViewController.swift in Sources */ = {isa = PBXBuildFile; fileRef = 524C64F71EA00CC10010CD1C /* BandPageViewController.swift */; };
		524C64FA1EA00D710010CD1C /* BandPageExtension.swift in Sources */ = {isa = PBXBuildFile; fileRef = 524C64F91EA00D710010CD1C /* BandPageExtension.swift */; };
		524C64FC1EA00DC70010CD1C /* Structures.swift in Sources */ = {isa = PBXBuildFile; fileRef = 524C64FB1EA00DC70010CD1C /* Structures.swift */; };
		52550C551EA153D100E2CEE8 /* AlbumViewController.swift in Sources */ = {isa = PBXBuildFile; fileRef = 52550C531EA153D100E2CEE8 /* AlbumViewController.swift */; };
		52550C561EA153D100E2CEE8 /* AlbumViewController.xib in Resources */ = {isa = PBXBuildFile; fileRef = 52550C541EA153D100E2CEE8 /* AlbumViewController.xib */; };
		5276F0C51E9BBB4F0038AFF8 /* Album+CoreDataClass.swift in Sources */ = {isa = PBXBuildFile; fileRef = 5276F0BF1E9BBB4F0038AFF8 /* Album+CoreDataClass.swift */; };
		5276F0C61E9BBB4F0038AFF8 /* Album+CoreDataProperties.swift in Sources */ = {isa = PBXBuildFile; fileRef = 5276F0C01E9BBB4F0038AFF8 /* Album+CoreDataProperties.swift */; };
		5276F0C71E9BBB4F0038AFF8 /* Artist+CoreDataClass.swift in Sources */ = {isa = PBXBuildFile; fileRef = 5276F0C11E9BBB4F0038AFF8 /* Artist+CoreDataClass.swift */; };
		5276F0C81E9BBB4F0038AFF8 /* Artist+CoreDataProperties.swift in Sources */ = {isa = PBXBuildFile; fileRef = 5276F0C21E9BBB4F0038AFF8 /* Artist+CoreDataProperties.swift */; };
		5276F0C91E9BBB4F0038AFF8 /* Band+CoreDataClass.swift in Sources */ = {isa = PBXBuildFile; fileRef = 5276F0C31E9BBB4F0038AFF8 /* Band+CoreDataClass.swift */; };
		5276F0CA1E9BBB4F0038AFF8 /* Band+CoreDataProperties.swift in Sources */ = {isa = PBXBuildFile; fileRef = 5276F0C41E9BBB4F0038AFF8 /* Band+CoreDataProperties.swift */; };
		5276F0CD1E9BBCF60038AFF8 /* DataStore.swift in Sources */ = {isa = PBXBuildFile; fileRef = 5276F0CC1E9BBCF60038AFF8 /* DataStore.swift */; };
		5276F0CF1E9BC1650038AFF8 /* DataStoreBandExtension.swift in Sources */ = {isa = PBXBuildFile; fileRef = 5276F0CE1E9BC1650038AFF8 /* DataStoreBandExtension.swift */; };
		5276F0F11E9CCA530038AFF8 /* FavouriteBandsViewController.swift in Sources */ = {isa = PBXBuildFile; fileRef = 5276F0EF1E9CCA530038AFF8 /* FavouriteBandsViewController.swift */; };
		5276F0F21E9CCA530038AFF8 /* FavouriteBandsViewController.xib in Resources */ = {isa = PBXBuildFile; fileRef = 5276F0F01E9CCA530038AFF8 /* FavouriteBandsViewController.xib */; };
		5276F0F41E9CCB900038AFF8 /* FavouriteBandsNSFetch.swift in Sources */ = {isa = PBXBuildFile; fileRef = 5276F0F31E9CCB900038AFF8 /* FavouriteBandsNSFetch.swift */; };
		5276F0F71E9CD07F0038AFF8 /* TableViewCell.swift in Sources */ = {isa = PBXBuildFile; fileRef = 5276F0F51E9CD07F0038AFF8 /* TableViewCell.swift */; };
		5276F0F81E9CD07F0038AFF8 /* TableViewCell.xib in Resources */ = {isa = PBXBuildFile; fileRef = 5276F0F61E9CD07F0038AFF8 /* TableViewCell.xib */; };
		5276F0FB1E9CE5310038AFF8 /* FavouriteBandViewController.swift in Sources */ = {isa = PBXBuildFile; fileRef = 5276F0F91E9CE5310038AFF8 /* FavouriteBandViewController.swift */; };
		5276F0FC1E9CE5310038AFF8 /* FavouriteBandViewController.xib in Resources */ = {isa = PBXBuildFile; fileRef = 5276F0FA1E9CE5310038AFF8 /* FavouriteBandViewController.xib */; };
		5276F1011E9D0BE70038AFF8 /* BandBioViewController.swift in Sources */ = {isa = PBXBuildFile; fileRef = 5276F0FF1E9D0BE70038AFF8 /* BandBioViewController.swift */; };
		5276F1021E9D0BE70038AFF8 /* BandBioViewController.xib in Resources */ = {isa = PBXBuildFile; fileRef = 5276F1001E9D0BE70038AFF8 /* BandBioViewController.xib */; };
		5276F1091E9D1E9C0038AFF8 /* PageViewController.swift in Sources */ = {isa = PBXBuildFile; fileRef = 5276F1071E9D1E9C0038AFF8 /* PageViewController.swift */; };
		5276F10A1E9D1E9C0038AFF8 /* PageViewController.xib in Resources */ = {isa = PBXBuildFile; fileRef = 5276F1081E9D1E9C0038AFF8 /* PageViewController.xib */; };
		528464141EA024AA00799850 /* BioViewController.swift in Sources */ = {isa = PBXBuildFile; fileRef = 528464121EA024AA00799850 /* BioViewController.swift */; };
		528464151EA024AA00799850 /* BioViewController.xib in Resources */ = {isa = PBXBuildFile; fileRef = 528464131EA024AA00799850 /* BioViewController.xib */; };
		528464181EA0263200799850 /* ArtistsViewController.swift in Sources */ = {isa = PBXBuildFile; fileRef = 528464161EA0263200799850 /* ArtistsViewController.swift */; };
		528464191EA0263200799850 /* ArtistsViewController.xib in Resources */ = {isa = PBXBuildFile; fileRef = 528464171EA0263200799850 /* ArtistsViewController.xib */; };
		5284641C1EA0279700799850 /* AlbumsViewController.swift in Sources */ = {isa = PBXBuildFile; fileRef = 5284641A1EA0279700799850 /* AlbumsViewController.swift */; };
		5284641D1EA0279700799850 /* AlbumsViewController.xib in Resources */ = {isa = PBXBuildFile; fileRef = 5284641B1EA0279700799850 /* AlbumsViewController.xib */; };
		528464211EA0BF4F00799850 /* RandomBandPageExtension.swift in Sources */ = {isa = PBXBuildFile; fileRef = 5284641F1EA0BF4F00799850 /* RandomBandPageExtension.swift */; };
		528464221EA0BF4F00799850 /* RandomBandPageViewController.swift in Sources */ = {isa = PBXBuildFile; fileRef = 528464201EA0BF4F00799850 /* RandomBandPageViewController.swift */; };
		528464251EA0E00300799850 /* RandomBandViewController.swift in Sources */ = {isa = PBXBuildFile; fileRef = 528464231EA0E00300799850 /* RandomBandViewController.swift */; };
		528464261EA0E00300799850 /* RandomBandViewController.xib in Resources */ = {isa = PBXBuildFile; fileRef = 528464241EA0E00300799850 /* RandomBandViewController.xib */; };
		52B661EB1EB3D4D5002B42EB /* PageViewAlbumViewController.swift in Sources */ = {isa = PBXBuildFile; fileRef = 52B661E91EB3D4D5002B42EB /* PageViewAlbumViewController.swift */; };
		52B661EC1EB3D4D5002B42EB /* PageViewAlbumViewController.xib in Resources */ = {isa = PBXBuildFile; fileRef = 52B661EA1EB3D4D5002B42EB /* PageViewAlbumViewController.xib */; };
		52B661EE1EB3D5E4002B42EB /* Extension.swift in Sources */ = {isa = PBXBuildFile; fileRef = 52B661ED1EB3D5E4002B42EB /* Extension.swift */; };
		52B661F11EB3D742002B42EB /* SongsTableViewController.swift in Sources */ = {isa = PBXBuildFile; fileRef = 52B661EF1EB3D742002B42EB /* SongsTableViewController.swift */; };
		52B661F21EB3D742002B42EB /* SongsTableViewController.xib in Resources */ = {isa = PBXBuildFile; fileRef = 52B661F01EB3D742002B42EB /* SongsTableViewController.xib */; };
		52BE70561E9E112300A1E11E /* BandArtistsViewController.swift in Sources */ = {isa = PBXBuildFile; fileRef = 52BE70541E9E112300A1E11E /* BandArtistsViewController.swift */; };
		52BE70571E9E112300A1E11E /* BandArtistsViewController.xib in Resources */ = {isa = PBXBuildFile; fileRef = 52BE70551E9E112300A1E11E /* BandArtistsViewController.xib */; };
		52BE705A1E9E1DE400A1E11E /* BandAlbumsViewController.swift in Sources */ = {isa = PBXBuildFile; fileRef = 52BE70581E9E1DE400A1E11E /* BandAlbumsViewController.swift */; };
		52BE705B1E9E1DE400A1E11E /* BandAlbumsViewController.xib in Resources */ = {isa = PBXBuildFile; fileRef = 52BE70591E9E1DE400A1E11E /* BandAlbumsViewController.xib */; };
		52BE705E1E9F641900A1E11E /* NoImageCellTableViewCell.swift in Sources */ = {isa = PBXBuildFile; fileRef = 52BE705C1E9F641900A1E11E /* NoImageCellTableViewCell.swift */; };
		52BE705F1E9F641900A1E11E /* NoImageCellTableViewCell.xib in Resources */ = {isa = PBXBuildFile; fileRef = 52BE705D1E9F641900A1E11E /* NoImageCellTableViewCell.xib */; };
		52BE70621E9F9C9000A1E11E /* SearchTypeViewController.swift in Sources */ = {isa = PBXBuildFile; fileRef = 52BE70601E9F9C9000A1E11E /* SearchTypeViewController.swift */; };
		52BE70631E9F9C9000A1E11E /* SearchTypeViewController.xib in Resources */ = {isa = PBXBuildFile; fileRef = 52BE70611E9F9C9000A1E11E /* SearchTypeViewController.xib */; };
		52BE70651E9FA6C500A1E11E /* SearchExtension.swift in Sources */ = {isa = PBXBuildFile; fileRef = 52BE70641E9FA6C500A1E11E /* SearchExtension.swift */; };
		52BE706A1EA0023200A1E11E /* HomeViewController.swift in Sources */ = {isa = PBXBuildFile; fileRef = 52BE70681EA0023200A1E11E /* HomeViewController.swift */; };
		52BE706B1EA0023200A1E11E /* HomeViewController.xib in Resources */ = {isa = PBXBuildFile; fileRef = 52BE70691EA0023200A1E11E /* HomeViewController.xib */; };
		52BE707B1EA00B4400A1E11E /* BandViewController.swift in Sources */ = {isa = PBXBuildFile; fileRef = 52BE70791EA00B4400A1E11E /* BandViewController.swift */; };
		52BE707C1EA00B4400A1E11E /* BandViewController.xib in Resources */ = {isa = PBXBuildFile; fileRef = 52BE707A1EA00B4400A1E11E /* BandViewController.xib */; };
/* End PBXBuildFile section */

/* Begin PBXFileReference section */
		5214C5E21EB40FAB000CE7BF /* UpcomingAlbumsTableViewController.swift */ = {isa = PBXFileReference; fileEncoding = 4; lastKnownFileType = sourcecode.swift; path = UpcomingAlbumsTableViewController.swift; sourceTree = "<group>"; };
		5214C5E31EB40FAB000CE7BF /* UpcomingAlbumsTableViewController.xib */ = {isa = PBXFileReference; fileEncoding = 4; lastKnownFileType = file.xib; path = UpcomingAlbumsTableViewController.xib; sourceTree = "<group>"; };
		5214C5E61EB42209000CE7BF /* UpcomingExtension.swift */ = {isa = PBXFileReference; fileEncoding = 4; lastKnownFileType = sourcecode.swift; path = UpcomingExtension.swift; sourceTree = "<group>"; };
		5214C5E91EB8B4AE000CE7BF /* ArtistViewController.swift */ = {isa = PBXFileReference; fileEncoding = 4; lastKnownFileType = sourcecode.swift; path = ArtistViewController.swift; sourceTree = "<group>"; };
		5214C5EA1EB8B4AE000CE7BF /* ArtistViewController.xib */ = {isa = PBXFileReference; fileEncoding = 4; lastKnownFileType = file.xib; path = ArtistViewController.xib; sourceTree = "<group>"; };
		5214C5ED1EB8B80A000CE7BF /* ArtistPageViewController.swift */ = {isa = PBXFileReference; fileEncoding = 4; lastKnownFileType = sourcecode.swift; path = ArtistPageViewController.swift; sourceTree = "<group>"; };
		5214C5EE1EB8B80A000CE7BF /* ArtistPageViewController.xib */ = {isa = PBXFileReference; fileEncoding = 4; lastKnownFileType = file.xib; path = ArtistPageViewController.xib; sourceTree = "<group>"; };
		5214C5F11EB8B8CD000CE7BF /* ArtistExtension.swift */ = {isa = PBXFileReference; fileEncoding = 4; lastKnownFileType = sourcecode.swift; path = ArtistExtension.swift; sourceTree = "<group>"; };
		5214C5F31EB8D7B8000CE7BF /* ArtistBiographyViewController.swift */ = {isa = PBXFileReference; fileEncoding = 4; lastKnownFileType = sourcecode.swift; path = ArtistBiographyViewController.swift; sourceTree = "<group>"; };
		5214C5F41EB8D7B8000CE7BF /* ArtistBiographyViewController.xib */ = {isa = PBXFileReference; fileEncoding = 4; lastKnownFileType = file.xib; path = ArtistBiographyViewController.xib; sourceTree = "<group>"; };
		5214C5F71EB8D9D2000CE7BF /* ActiveBandsTableViewController.swift */ = {isa = PBXFileReference; fileEncoding = 4; lastKnownFileType = sourcecode.swift; path = ActiveBandsTableViewController.swift; sourceTree = "<group>"; };
		5214C5F81EB8D9D2000CE7BF /* ActiveBandsTableViewController.xib */ = {isa = PBXFileReference; fileEncoding = 4; lastKnownFileType = file.xib; path = ActiveBandsTableViewController.xib; sourceTree = "<group>"; };
		5214C5FB1EB8DF4B000CE7BF /* PastBandsTableViewController.swift */ = {isa = PBXFileReference; fileEncoding = 4; lastKnownFileType = sourcecode.swift; path = PastBandsTableViewController.swift; sourceTree = "<group>"; };
		5214C5FC1EB8DF4B000CE7BF /* PastBandsTableViewController.xib */ = {isa = PBXFileReference; fileEncoding = 4; lastKnownFileType = file.xib; path = PastBandsTableViewController.xib; sourceTree = "<group>"; };
		52270FCC1E9B8E82004A41D0 /* MetallumApp.app */ = {isa = PBXFileReference; explicitFileType = wrapper.application; includeInIndex = 0; path = MetallumApp.app; sourceTree = BUILT_PRODUCTS_DIR; };
		52270FCF1E9B8E82004A41D0 /* AppDelegate.swift */ = {isa = PBXFileReference; lastKnownFileType = sourcecode.swift; path = AppDelegate.swift; sourceTree = "<group>"; };
		52270FD11E9B8E82004A41D0 /* ViewController.swift */ = {isa = PBXFileReference; lastKnownFileType = sourcecode.swift; path = ViewController.swift; sourceTree = "<group>"; };
		52270FD41E9B8E82004A41D0 /* Base */ = {isa = PBXFileReference; lastKnownFileType = file.storyboard; name = Base; path = Base.lproj/Main.storyboard; sourceTree = "<group>"; };
		52270FD61E9B8E82004A41D0 /* Assets.xcassets */ = {isa = PBXFileReference; lastKnownFileType = folder.assetcatalog; path = Assets.xcassets; sourceTree = "<group>"; };
		52270FD91E9B8E82004A41D0 /* Base */ = {isa = PBXFileReference; lastKnownFileType = file.storyboard; name = Base; path = Base.lproj/LaunchScreen.storyboard; sourceTree = "<group>"; };
		52270FDB1E9B8E82004A41D0 /* Info.plist */ = {isa = PBXFileReference; lastKnownFileType = text.plist.xml; path = Info.plist; sourceTree = "<group>"; };
		52270FE31E9B8EC4004A41D0 /* DataBase.xcdatamodel */ = {isa = PBXFileReference; lastKnownFileType = wrapper.xcdatamodel; path = DataBase.xcdatamodel; sourceTree = "<group>"; };
		524C64F71EA00CC10010CD1C /* BandPageViewController.swift */ = {isa = PBXFileReference; fileEncoding = 4; lastKnownFileType = sourcecode.swift; path = BandPageViewController.swift; sourceTree = "<group>"; };
		524C64F91EA00D710010CD1C /* BandPageExtension.swift */ = {isa = PBXFileReference; fileEncoding = 4; lastKnownFileType = sourcecode.swift; path = BandPageExtension.swift; sourceTree = "<group>"; };
		524C64FB1EA00DC70010CD1C /* Structures.swift */ = {isa = PBXFileReference; fileEncoding = 4; lastKnownFileType = sourcecode.swift; path = Structures.swift; sourceTree = "<group>"; };
		52550C531EA153D100E2CEE8 /* AlbumViewController.swift */ = {isa = PBXFileReference; fileEncoding = 4; lastKnownFileType = sourcecode.swift; path = AlbumViewController.swift; sourceTree = "<group>"; };
		52550C541EA153D100E2CEE8 /* AlbumViewController.xib */ = {isa = PBXFileReference; fileEncoding = 4; lastKnownFileType = file.xib; path = AlbumViewController.xib; sourceTree = "<group>"; };
		5276F0BF1E9BBB4F0038AFF8 /* Album+CoreDataClass.swift */ = {isa = PBXFileReference; fileEncoding = 4; lastKnownFileType = sourcecode.swift; path = "Album+CoreDataClass.swift"; sourceTree = "<group>"; };
		5276F0C01E9BBB4F0038AFF8 /* Album+CoreDataProperties.swift */ = {isa = PBXFileReference; fileEncoding = 4; lastKnownFileType = sourcecode.swift; path = "Album+CoreDataProperties.swift"; sourceTree = "<group>"; };
		5276F0C11E9BBB4F0038AFF8 /* Artist+CoreDataClass.swift */ = {isa = PBXFileReference; fileEncoding = 4; lastKnownFileType = sourcecode.swift; path = "Artist+CoreDataClass.swift"; sourceTree = "<group>"; };
		5276F0C21E9BBB4F0038AFF8 /* Artist+CoreDataProperties.swift */ = {isa = PBXFileReference; fileEncoding = 4; lastKnownFileType = sourcecode.swift; path = "Artist+CoreDataProperties.swift"; sourceTree = "<group>"; };
		5276F0C31E9BBB4F0038AFF8 /* Band+CoreDataClass.swift */ = {isa = PBXFileReference; fileEncoding = 4; lastKnownFileType = sourcecode.swift; path = "Band+CoreDataClass.swift"; sourceTree = "<group>"; };
		5276F0C41E9BBB4F0038AFF8 /* Band+CoreDataProperties.swift */ = {isa = PBXFileReference; fileEncoding = 4; lastKnownFileType = sourcecode.swift; path = "Band+CoreDataProperties.swift"; sourceTree = "<group>"; };
		5276F0CC1E9BBCF60038AFF8 /* DataStore.swift */ = {isa = PBXFileReference; fileEncoding = 4; lastKnownFileType = sourcecode.swift; path = DataStore.swift; sourceTree = "<group>"; };
		5276F0CE1E9BC1650038AFF8 /* DataStoreBandExtension.swift */ = {isa = PBXFileReference; fileEncoding = 4; lastKnownFileType = sourcecode.swift; path = DataStoreBandExtension.swift; sourceTree = "<group>"; };
		5276F0EF1E9CCA530038AFF8 /* FavouriteBandsViewController.swift */ = {isa = PBXFileReference; fileEncoding = 4; lastKnownFileType = sourcecode.swift; path = FavouriteBandsViewController.swift; sourceTree = "<group>"; };
		5276F0F01E9CCA530038AFF8 /* FavouriteBandsViewController.xib */ = {isa = PBXFileReference; fileEncoding = 4; lastKnownFileType = file.xib; path = FavouriteBandsViewController.xib; sourceTree = "<group>"; };
		5276F0F31E9CCB900038AFF8 /* FavouriteBandsNSFetch.swift */ = {isa = PBXFileReference; fileEncoding = 4; lastKnownFileType = sourcecode.swift; path = FavouriteBandsNSFetch.swift; sourceTree = "<group>"; };
		5276F0F51E9CD07F0038AFF8 /* TableViewCell.swift */ = {isa = PBXFileReference; fileEncoding = 4; lastKnownFileType = sourcecode.swift; path = TableViewCell.swift; sourceTree = "<group>"; };
		5276F0F61E9CD07F0038AFF8 /* TableViewCell.xib */ = {isa = PBXFileReference; fileEncoding = 4; lastKnownFileType = file.xib; path = TableViewCell.xib; sourceTree = "<group>"; };
		5276F0F91E9CE5310038AFF8 /* FavouriteBandViewController.swift */ = {isa = PBXFileReference; fileEncoding = 4; lastKnownFileType = sourcecode.swift; path = FavouriteBandViewController.swift; sourceTree = "<group>"; };
		5276F0FA1E9CE5310038AFF8 /* FavouriteBandViewController.xib */ = {isa = PBXFileReference; fileEncoding = 4; lastKnownFileType = file.xib; path = FavouriteBandViewController.xib; sourceTree = "<group>"; };
		5276F0FF1E9D0BE70038AFF8 /* BandBioViewController.swift */ = {isa = PBXFileReference; fileEncoding = 4; lastKnownFileType = sourcecode.swift; path = BandBioViewController.swift; sourceTree = "<group>"; };
		5276F1001E9D0BE70038AFF8 /* BandBioViewController.xib */ = {isa = PBXFileReference; fileEncoding = 4; lastKnownFileType = file.xib; path = BandBioViewController.xib; sourceTree = "<group>"; };
		5276F1071E9D1E9C0038AFF8 /* PageViewController.swift */ = {isa = PBXFileReference; fileEncoding = 4; lastKnownFileType = sourcecode.swift; path = PageViewController.swift; sourceTree = "<group>"; };
		5276F1081E9D1E9C0038AFF8 /* PageViewController.xib */ = {isa = PBXFileReference; fileEncoding = 4; lastKnownFileType = file.xib; path = PageViewController.xib; sourceTree = "<group>"; };
		528464121EA024AA00799850 /* BioViewController.swift */ = {isa = PBXFileReference; fileEncoding = 4; lastKnownFileType = sourcecode.swift; path = BioViewController.swift; sourceTree = "<group>"; };
		528464131EA024AA00799850 /* BioViewController.xib */ = {isa = PBXFileReference; fileEncoding = 4; lastKnownFileType = file.xib; path = BioViewController.xib; sourceTree = "<group>"; };
		528464161EA0263200799850 /* ArtistsViewController.swift */ = {isa = PBXFileReference; fileEncoding = 4; lastKnownFileType = sourcecode.swift; path = ArtistsViewController.swift; sourceTree = "<group>"; };
		528464171EA0263200799850 /* ArtistsViewController.xib */ = {isa = PBXFileReference; fileEncoding = 4; lastKnownFileType = file.xib; path = ArtistsViewController.xib; sourceTree = "<group>"; };
		5284641A1EA0279700799850 /* AlbumsViewController.swift */ = {isa = PBXFileReference; fileEncoding = 4; lastKnownFileType = sourcecode.swift; path = AlbumsViewController.swift; sourceTree = "<group>"; };
		5284641B1EA0279700799850 /* AlbumsViewController.xib */ = {isa = PBXFileReference; fileEncoding = 4; lastKnownFileType = file.xib; path = AlbumsViewController.xib; sourceTree = "<group>"; };
		5284641F1EA0BF4F00799850 /* RandomBandPageExtension.swift */ = {isa = PBXFileReference; fileEncoding = 4; lastKnownFileType = sourcecode.swift; path = RandomBandPageExtension.swift; sourceTree = "<group>"; };
		528464201EA0BF4F00799850 /* RandomBandPageViewController.swift */ = {isa = PBXFileReference; fileEncoding = 4; lastKnownFileType = sourcecode.swift; path = RandomBandPageViewController.swift; sourceTree = "<group>"; };
		528464231EA0E00300799850 /* RandomBandViewController.swift */ = {isa = PBXFileReference; fileEncoding = 4; lastKnownFileType = sourcecode.swift; path = RandomBandViewController.swift; sourceTree = "<group>"; };
		528464241EA0E00300799850 /* RandomBandViewController.xib */ = {isa = PBXFileReference; fileEncoding = 4; lastKnownFileType = file.xib; path = RandomBandViewController.xib; sourceTree = "<group>"; };
		52B661E91EB3D4D5002B42EB /* PageViewAlbumViewController.swift */ = {isa = PBXFileReference; fileEncoding = 4; lastKnownFileType = sourcecode.swift; path = PageViewAlbumViewController.swift; sourceTree = "<group>"; };
		52B661EA1EB3D4D5002B42EB /* PageViewAlbumViewController.xib */ = {isa = PBXFileReference; fileEncoding = 4; lastKnownFileType = file.xib; path = PageViewAlbumViewController.xib; sourceTree = "<group>"; };
		52B661ED1EB3D5E4002B42EB /* Extension.swift */ = {isa = PBXFileReference; fileEncoding = 4; lastKnownFileType = sourcecode.swift; path = Extension.swift; sourceTree = "<group>"; };
		52B661EF1EB3D742002B42EB /* SongsTableViewController.swift */ = {isa = PBXFileReference; fileEncoding = 4; lastKnownFileType = sourcecode.swift; path = SongsTableViewController.swift; sourceTree = "<group>"; };
		52B661F01EB3D742002B42EB /* SongsTableViewController.xib */ = {isa = PBXFileReference; fileEncoding = 4; lastKnownFileType = file.xib; path = SongsTableViewController.xib; sourceTree = "<group>"; };
		52BE70541E9E112300A1E11E /* BandArtistsViewController.swift */ = {isa = PBXFileReference; fileEncoding = 4; lastKnownFileType = sourcecode.swift; path = BandArtistsViewController.swift; sourceTree = "<group>"; };
		52BE70551E9E112300A1E11E /* BandArtistsViewController.xib */ = {isa = PBXFileReference; fileEncoding = 4; lastKnownFileType = file.xib; path = BandArtistsViewController.xib; sourceTree = "<group>"; };
		52BE70581E9E1DE400A1E11E /* BandAlbumsViewController.swift */ = {isa = PBXFileReference; fileEncoding = 4; lastKnownFileType = sourcecode.swift; path = BandAlbumsViewController.swift; sourceTree = "<group>"; };
		52BE70591E9E1DE400A1E11E /* BandAlbumsViewController.xib */ = {isa = PBXFileReference; fileEncoding = 4; lastKnownFileType = file.xib; path = BandAlbumsViewController.xib; sourceTree = "<group>"; };
		52BE705C1E9F641900A1E11E /* NoImageCellTableViewCell.swift */ = {isa = PBXFileReference; fileEncoding = 4; lastKnownFileType = sourcecode.swift; path = NoImageCellTableViewCell.swift; sourceTree = "<group>"; };
		52BE705D1E9F641900A1E11E /* NoImageCellTableViewCell.xib */ = {isa = PBXFileReference; fileEncoding = 4; lastKnownFileType = file.xib; path = NoImageCellTableViewCell.xib; sourceTree = "<group>"; };
		52BE70601E9F9C9000A1E11E /* SearchTypeViewController.swift */ = {isa = PBXFileReference; fileEncoding = 4; lastKnownFileType = sourcecode.swift; path = SearchTypeViewController.swift; sourceTree = "<group>"; };
		52BE70611E9F9C9000A1E11E /* SearchTypeViewController.xib */ = {isa = PBXFileReference; fileEncoding = 4; lastKnownFileType = file.xib; path = SearchTypeViewController.xib; sourceTree = "<group>"; };
		52BE70641E9FA6C500A1E11E /* SearchExtension.swift */ = {isa = PBXFileReference; fileEncoding = 4; lastKnownFileType = sourcecode.swift; path = SearchExtension.swift; sourceTree = "<group>"; };
		52BE70681EA0023200A1E11E /* HomeViewController.swift */ = {isa = PBXFileReference; fileEncoding = 4; lastKnownFileType = sourcecode.swift; path = HomeViewController.swift; sourceTree = "<group>"; };
		52BE70691EA0023200A1E11E /* HomeViewController.xib */ = {isa = PBXFileReference; fileEncoding = 4; lastKnownFileType = file.xib; path = HomeViewController.xib; sourceTree = "<group>"; };
		52BE70791EA00B4400A1E11E /* BandViewController.swift */ = {isa = PBXFileReference; fileEncoding = 4; lastKnownFileType = sourcecode.swift; path = BandViewController.swift; sourceTree = "<group>"; };
		52BE707A1EA00B4400A1E11E /* BandViewController.xib */ = {isa = PBXFileReference; fileEncoding = 4; lastKnownFileType = file.xib; path = BandViewController.xib; sourceTree = "<group>"; };
/* End PBXFileReference section */

/* Begin PBXFrameworksBuildPhase section */
		52270FC91E9B8E82004A41D0 /* Frameworks */ = {
			isa = PBXFrameworksBuildPhase;
			buildActionMask = 2147483647;
			files = (
			);
			runOnlyForDeploymentPostprocessing = 0;
		};
/* End PBXFrameworksBuildPhase section */

/* Begin PBXGroup section */
		5214C5E11EB40F7F000CE7BF /* UpcomingAlbums */ = {
			isa = PBXGroup;
			children = (
				5214C5E21EB40FAB000CE7BF /* UpcomingAlbumsTableViewController.swift */,
				5214C5E61EB42209000CE7BF /* UpcomingExtension.swift */,
				5214C5E31EB40FAB000CE7BF /* UpcomingAlbumsTableViewController.xib */,
			);
			name = UpcomingAlbums;
			sourceTree = "<group>";
		};
		5214C5E81EB8B42E000CE7BF /* ArtistView */ = {
			isa = PBXGroup;
			children = (
				5214C5ED1EB8B80A000CE7BF /* ArtistPageViewController.swift */,
				5214C5F11EB8B8CD000CE7BF /* ArtistExtension.swift */,
				5214C5EE1EB8B80A000CE7BF /* ArtistPageViewController.xib */,
				5214C5E91EB8B4AE000CE7BF /* ArtistViewController.swift */,
				5214C5EA1EB8B4AE000CE7BF /* ArtistViewController.xib */,
				5214C5F31EB8D7B8000CE7BF /* ArtistBiographyViewController.swift */,
				5214C5F41EB8D7B8000CE7BF /* ArtistBiographyViewController.xib */,
				5214C5F71EB8D9D2000CE7BF /* ActiveBandsTableViewController.swift */,
				5214C5F81EB8D9D2000CE7BF /* ActiveBandsTableViewController.xib */,
				5214C5FB1EB8DF4B000CE7BF /* PastBandsTableViewController.swift */,
				5214C5FC1EB8DF4B000CE7BF /* PastBandsTableViewController.xib */,
			);
			name = ArtistView;
			sourceTree = "<group>";
		};
		52270FC31E9B8E82004A41D0 = {
			isa = PBXGroup;
			children = (
				52270FCE1E9B8E82004A41D0 /* MetallumApp */,
				52270FCD1E9B8E82004A41D0 /* Products */,
			);
			sourceTree = "<group>";
		};
		52270FCD1E9B8E82004A41D0 /* Products */ = {
			isa = PBXGroup;
			children = (
				52270FCC1E9B8E82004A41D0 /* MetallumApp.app */,
			);
			name = Products;
			sourceTree = "<group>";
		};
		52270FCE1E9B8E82004A41D0 /* MetallumApp */ = {
			isa = PBXGroup;
			children = (
				5214C5E81EB8B42E000CE7BF /* ArtistView */,
				5214C5E11EB40F7F000CE7BF /* UpcomingAlbums */,
				52BE706D1EA0024300A1E11E /* Home */,
				52550C521EA153BB00E2CEE8 /* AlbumViews */,
				5284641E1EA0BF4200799850 /* RandomBand */,
				52BE70721EA0081D00A1E11E /* BandViews */,
				52BE70671EA001D900A1E11E /* Search */,
				5276F0EE1E9CCA160038AFF8 /* Favourites */,
				5276F0CB1E9BBCDF0038AFF8 /* Services */,
				52270FE11E9B8EA9004A41D0 /* CoreData */,
				52270FCF1E9B8E82004A41D0 /* AppDelegate.swift */,
				52270FD11E9B8E82004A41D0 /* ViewController.swift */,
				524C64FB1EA00DC70010CD1C /* Structures.swift */,
				52270FD31E9B8E82004A41D0 /* Main.storyboard */,
				52270FD61E9B8E82004A41D0 /* Assets.xcassets */,
				52270FD81E9B8E82004A41D0 /* LaunchScreen.storyboard */,
				52270FDB1E9B8E82004A41D0 /* Info.plist */,
			);
			path = MetallumApp;
			sourceTree = "<group>";
		};
		52270FE11E9B8EA9004A41D0 /* CoreData */ = {
			isa = PBXGroup;
			children = (
				5276F0BF1E9BBB4F0038AFF8 /* Album+CoreDataClass.swift */,
				5276F0C01E9BBB4F0038AFF8 /* Album+CoreDataProperties.swift */,
				5276F0C11E9BBB4F0038AFF8 /* Artist+CoreDataClass.swift */,
				5276F0C21E9BBB4F0038AFF8 /* Artist+CoreDataProperties.swift */,
				5276F0C31E9BBB4F0038AFF8 /* Band+CoreDataClass.swift */,
				5276F0C41E9BBB4F0038AFF8 /* Band+CoreDataProperties.swift */,
				52270FE21E9B8EC4004A41D0 /* DataBase.xcdatamodeld */,
			);
			name = CoreData;
			sourceTree = "<group>";
		};
		52550C521EA153BB00E2CEE8 /* AlbumViews */ = {
			isa = PBXGroup;
			children = (
				52B661E91EB3D4D5002B42EB /* PageViewAlbumViewController.swift */,
				52B661ED1EB3D5E4002B42EB /* Extension.swift */,
				52B661EA1EB3D4D5002B42EB /* PageViewAlbumViewController.xib */,
				52550C531EA153D100E2CEE8 /* AlbumViewController.swift */,
				52550C541EA153D100E2CEE8 /* AlbumViewController.xib */,
				52B661EF1EB3D742002B42EB /* SongsTableViewController.swift */,
				52B661F01EB3D742002B42EB /* SongsTableViewController.xib */,
			);
			name = AlbumViews;
			sourceTree = "<group>";
		};
		5276F0CB1E9BBCDF0038AFF8 /* Services */ = {
			isa = PBXGroup;
			children = (
				5276F0CC1E9BBCF60038AFF8 /* DataStore.swift */,
				5276F0CE1E9BC1650038AFF8 /* DataStoreBandExtension.swift */,
			);
			name = Services;
			sourceTree = "<group>";
		};
		5276F0EE1E9CCA160038AFF8 /* Favourites */ = {
			isa = PBXGroup;
			children = (
				5276F1071E9D1E9C0038AFF8 /* PageViewController.swift */,
				5276F1081E9D1E9C0038AFF8 /* PageViewController.xib */,
				5276F0EF1E9CCA530038AFF8 /* FavouriteBandsViewController.swift */,
				5276F0F31E9CCB900038AFF8 /* FavouriteBandsNSFetch.swift */,
				5276F0F01E9CCA530038AFF8 /* FavouriteBandsViewController.xib */,
				5276F0F51E9CD07F0038AFF8 /* TableViewCell.swift */,
				5276F0F61E9CD07F0038AFF8 /* TableViewCell.xib */,
				5276F0F91E9CE5310038AFF8 /* FavouriteBandViewController.swift */,
				5276F0FA1E9CE5310038AFF8 /* FavouriteBandViewController.xib */,
				5276F0FF1E9D0BE70038AFF8 /* BandBioViewController.swift */,
				5276F1001E9D0BE70038AFF8 /* BandBioViewController.xib */,
				52BE70541E9E112300A1E11E /* BandArtistsViewController.swift */,
				52BE70551E9E112300A1E11E /* BandArtistsViewController.xib */,
				52BE70581E9E1DE400A1E11E /* BandAlbumsViewController.swift */,
				52BE70591E9E1DE400A1E11E /* BandAlbumsViewController.xib */,
				52BE705C1E9F641900A1E11E /* NoImageCellTableViewCell.swift */,
				52BE705D1E9F641900A1E11E /* NoImageCellTableViewCell.xib */,
			);
			name = Favourites;
			sourceTree = "<group>";
		};
		5284641E1EA0BF4200799850 /* RandomBand */ = {
			isa = PBXGroup;
			children = (
				5284641F1EA0BF4F00799850 /* RandomBandPageExtension.swift */,
				528464201EA0BF4F00799850 /* RandomBandPageViewController.swift */,
				528464231EA0E00300799850 /* RandomBandViewController.swift */,
				528464241EA0E00300799850 /* RandomBandViewController.xib */,
			);
			name = RandomBand;
			sourceTree = "<group>";
		};
		52BE70671EA001D900A1E11E /* Search */ = {
			isa = PBXGroup;
			children = (
				52BE70601E9F9C9000A1E11E /* SearchTypeViewController.swift */,
				52BE70641E9FA6C500A1E11E /* SearchExtension.swift */,
				52BE70611E9F9C9000A1E11E /* SearchTypeViewController.xib */,
			);
			name = Search;
			sourceTree = "<group>";
		};
		52BE706D1EA0024300A1E11E /* Home */ = {
			isa = PBXGroup;
			children = (
				52BE70681EA0023200A1E11E /* HomeViewController.swift */,
				52BE70691EA0023200A1E11E /* HomeViewController.xib */,
			);
			name = Home;
			sourceTree = "<group>";
		};
		52BE70721EA0081D00A1E11E /* BandViews */ = {
			isa = PBXGroup;
			children = (
				524C64F71EA00CC10010CD1C /* BandPageViewController.swift */,
				524C64F91EA00D710010CD1C /* BandPageExtension.swift */,
				52BE70791EA00B4400A1E11E /* BandViewController.swift */,
				52BE707A1EA00B4400A1E11E /* BandViewController.xib */,
				528464121EA024AA00799850 /* BioViewController.swift */,
				528464131EA024AA00799850 /* BioViewController.xib */,
				528464161EA0263200799850 /* ArtistsViewController.swift */,
				528464171EA0263200799850 /* ArtistsViewController.xib */,
				5284641A1EA0279700799850 /* AlbumsViewController.swift */,
				5284641B1EA0279700799850 /* AlbumsViewController.xib */,
			);
			name = BandViews;
			sourceTree = "<group>";
		};
/* End PBXGroup section */

/* Begin PBXNativeTarget section */
		52270FCB1E9B8E82004A41D0 /* MetallumApp */ = {
			isa = PBXNativeTarget;
			buildConfigurationList = 52270FDE1E9B8E82004A41D0 /* Build configuration list for PBXNativeTarget "MetallumApp" */;
			buildPhases = (
				52270FC81E9B8E82004A41D0 /* Sources */,
				52270FC91E9B8E82004A41D0 /* Frameworks */,
				52270FCA1E9B8E82004A41D0 /* Resources */,
			);
			buildRules = (
			);
			dependencies = (
			);
			name = MetallumApp;
			productName = MetallumApp;
			productReference = 52270FCC1E9B8E82004A41D0 /* MetallumApp.app */;
			productType = "com.apple.product-type.application";
		};
/* End PBXNativeTarget section */

/* Begin PBXProject section */
		52270FC41E9B8E82004A41D0 /* Project object */ = {
			isa = PBXProject;
			attributes = {
				LastSwiftUpdateCheck = 0820;
				LastUpgradeCheck = 0820;
				ORGANIZATIONNAME = Five;
				TargetAttributes = {
					52270FCB1E9B8E82004A41D0 = {
						CreatedOnToolsVersion = 8.2.1;
						DevelopmentTeam = CAT99ZHRZC;
						ProvisioningStyle = Automatic;
					};
				};
			};
			buildConfigurationList = 52270FC71E9B8E82004A41D0 /* Build configuration list for PBXProject "MetallumApp" */;
			compatibilityVersion = "Xcode 3.2";
			developmentRegion = English;
			hasScannedForEncodings = 0;
			knownRegions = (
				en,
				Base,
			);
			mainGroup = 52270FC31E9B8E82004A41D0;
			productRefGroup = 52270FCD1E9B8E82004A41D0 /* Products */;
			projectDirPath = "";
			projectRoot = "";
			targets = (
				52270FCB1E9B8E82004A41D0 /* MetallumApp */,
			);
		};
/* End PBXProject section */

/* Begin PBXResourcesBuildPhase section */
		52270FCA1E9B8E82004A41D0 /* Resources */ = {
			isa = PBXResourcesBuildPhase;
			buildActionMask = 2147483647;
			files = (
				5214C5FA1EB8D9D2000CE7BF /* ActiveBandsTableViewController.xib in Resources */,
				5214C5F61EB8D7B8000CE7BF /* ArtistBiographyViewController.xib in Resources */,
				5214C5EC1EB8B4AE000CE7BF /* ArtistViewController.xib in Resources */,
				528464261EA0E00300799850 /* RandomBandViewController.xib in Resources */,
				52270FDA1E9B8E82004A41D0 /* LaunchScreen.storyboard in Resources */,
				5276F0F81E9CD07F0038AFF8 /* TableViewCell.xib in Resources */,
				5214C5E51EB40FAB000CE7BF /* UpcomingAlbumsTableViewController.xib in Resources */,
				52B661F21EB3D742002B42EB /* SongsTableViewController.xib in Resources */,
				52BE706B1EA0023200A1E11E /* HomeViewController.xib in Resources */,
				52B661EC1EB3D4D5002B42EB /* PageViewAlbumViewController.xib in Resources */,
				528464191EA0263200799850 /* ArtistsViewController.xib in Resources */,
				52270FD71E9B8E82004A41D0 /* Assets.xcassets in Resources */,
				5276F10A1E9D1E9C0038AFF8 /* PageViewController.xib in Resources */,
				5284641D1EA0279700799850 /* AlbumsViewController.xib in Resources */,
				5276F0FC1E9CE5310038AFF8 /* FavouriteBandViewController.xib in Resources */,
				52BE705B1E9E1DE400A1E11E /* BandAlbumsViewController.xib in Resources */,
				52BE707C1EA00B4400A1E11E /* BandViewController.xib in Resources */,
				52BE705F1E9F641900A1E11E /* NoImageCellTableViewCell.xib in Resources */,
				5214C5F01EB8B80A000CE7BF /* ArtistPageViewController.xib in Resources */,
				5276F1021E9D0BE70038AFF8 /* BandBioViewController.xib in Resources */,
				52BE70631E9F9C9000A1E11E /* SearchTypeViewController.xib in Resources */,
				5276F0F21E9CCA530038AFF8 /* FavouriteBandsViewController.xib in Resources */,
				52BE70571E9E112300A1E11E /* BandArtistsViewController.xib in Resources */,
				528464151EA024AA00799850 /* BioViewController.xib in Resources */,
				5214C5FE1EB8DF4B000CE7BF /* PastBandsTableViewController.xib in Resources */,
				52550C561EA153D100E2CEE8 /* AlbumViewController.xib in Resources */,
				52270FD51E9B8E82004A41D0 /* Main.storyboard in Resources */,
			);
			runOnlyForDeploymentPostprocessing = 0;
		};
/* End PBXResourcesBuildPhase section */

/* Begin PBXSourcesBuildPhase section */
		52270FC81E9B8E82004A41D0 /* Sources */ = {
			isa = PBXSourcesBuildPhase;
			buildActionMask = 2147483647;
			files = (
				528464211EA0BF4F00799850 /* RandomBandPageExtension.swift in Sources */,
				5214C5E41EB40FAB000CE7BF /* UpcomingAlbumsTableViewController.swift in Sources */,
				52270FD21E9B8E82004A41D0 /* ViewController.swift in Sources */,
				5214C5F51EB8D7B8000CE7BF /* ArtistBiographyViewController.swift in Sources */,
				524C64FC1EA00DC70010CD1C /* Structures.swift in Sources */,
				528464251EA0E00300799850 /* RandomBandViewController.swift in Sources */,
				52BE70621E9F9C9000A1E11E /* SearchTypeViewController.swift in Sources */,
				5276F1011E9D0BE70038AFF8 /* BandBioViewController.swift in Sources */,
				52550C551EA153D100E2CEE8 /* AlbumViewController.swift in Sources */,
				528464181EA0263200799850 /* ArtistsViewController.swift in Sources */,
				5276F0C51E9BBB4F0038AFF8 /* Album+CoreDataClass.swift in Sources */,
				52BE705A1E9E1DE400A1E11E /* BandAlbumsViewController.swift in Sources */,
				524C64FA1EA00D710010CD1C /* BandPageExtension.swift in Sources */,
				5214C5F21EB8B8CD000CE7BF /* ArtistExtension.swift in Sources */,
				528464141EA024AA00799850 /* BioViewController.swift in Sources */,
				5276F0C71E9BBB4F0038AFF8 /* Artist+CoreDataClass.swift in Sources */,
				5214C5E71EB42209000CE7BF /* UpcomingExtension.swift in Sources */,
				528464221EA0BF4F00799850 /* RandomBandPageViewController.swift in Sources */,
				5214C5EF1EB8B80A000CE7BF /* ArtistPageViewController.swift in Sources */,
				52BE706A1EA0023200A1E11E /* HomeViewController.swift in Sources */,
				5276F0CD1E9BBCF60038AFF8 /* DataStore.swift in Sources */,
				52270FD01E9B8E82004A41D0 /* AppDelegate.swift in Sources */,
				5214C5EB1EB8B4AE000CE7BF /* ArtistViewController.swift in Sources */,
				5276F0F71E9CD07F0038AFF8 /* TableViewCell.swift in Sources */,
				5284641C1EA0279700799850 /* AlbumsViewController.swift in Sources */,
				5214C5FD1EB8DF4B000CE7BF /* PastBandsTableViewController.swift in Sources */,
				52BE705E1E9F641900A1E11E /* NoImageCellTableViewCell.swift in Sources */,
				5276F0C91E9BBB4F0038AFF8 /* Band+CoreDataClass.swift in Sources */,
				5276F1091E9D1E9C0038AFF8 /* PageViewController.swift in Sources */,
				5276F0CA1E9BBB4F0038AFF8 /* Band+CoreDataProperties.swift in Sources */,
				5276F0C61E9BBB4F0038AFF8 /* Album+CoreDataProperties.swift in Sources */,
				5214C5F91EB8D9D2000CE7BF /* ActiveBandsTableViewController.swift in Sources */,
				52B661F11EB3D742002B42EB /* SongsTableViewController.swift in Sources */,
				52BE707B1EA00B4400A1E11E /* BandViewController.swift in Sources */,
				52B661EE1EB3D5E4002B42EB /* Extension.swift in Sources */,
				5276F0F41E9CCB900038AFF8 /* FavouriteBandsNSFetch.swift in Sources */,
				52270FE41E9B8EC4004A41D0 /* DataBase.xcdatamodeld in Sources */,
				5276F0F11E9CCA530038AFF8 /* FavouriteBandsViewController.swift in Sources */,
				5276F0C81E9BBB4F0038AFF8 /* Artist+CoreDataProperties.swift in Sources */,
				5276F0CF1E9BC1650038AFF8 /* DataStoreBandExtension.swift in Sources */,
				524C64F81EA00CC10010CD1C /* BandPageViewController.swift in Sources */,
				52BE70561E9E112300A1E11E /* BandArtistsViewController.swift in Sources */,
				5276F0FB1E9CE5310038AFF8 /* FavouriteBandViewController.swift in Sources */,
				52B661EB1EB3D4D5002B42EB /* PageViewAlbumViewController.swift in Sources */,
				52BE70651E9FA6C500A1E11E /* SearchExtension.swift in Sources */,
			);
			runOnlyForDeploymentPostprocessing = 0;
		};
/* End PBXSourcesBuildPhase section */

/* Begin PBXVariantGroup section */
		52270FD31E9B8E82004A41D0 /* Main.storyboard */ = {
			isa = PBXVariantGroup;
			children = (
				52270FD41E9B8E82004A41D0 /* Base */,
			);
			name = Main.storyboard;
			sourceTree = "<group>";
		};
		52270FD81E9B8E82004A41D0 /* LaunchScreen.storyboard */ = {
			isa = PBXVariantGroup;
			children = (
				52270FD91E9B8E82004A41D0 /* Base */,
			);
			name = LaunchScreen.storyboard;
			sourceTree = "<group>";
		};
/* End PBXVariantGroup section */

/* Begin XCBuildConfiguration section */
		52270FDC1E9B8E82004A41D0 /* Debug */ = {
			isa = XCBuildConfiguration;
			buildSettings = {
				ALWAYS_SEARCH_USER_PATHS = NO;
				CLANG_ANALYZER_NONNULL = YES;
				CLANG_CXX_LANGUAGE_STANDARD = "gnu++0x";
				CLANG_CXX_LIBRARY = "libc++";
				CLANG_ENABLE_MODULES = YES;
				CLANG_ENABLE_OBJC_ARC = YES;
				CLANG_WARN_BOOL_CONVERSION = YES;
				CLANG_WARN_CONSTANT_CONVERSION = YES;
				CLANG_WARN_DIRECT_OBJC_ISA_USAGE = YES_ERROR;
				CLANG_WARN_DOCUMENTATION_COMMENTS = YES;
				CLANG_WARN_EMPTY_BODY = YES;
				CLANG_WARN_ENUM_CONVERSION = YES;
				CLANG_WARN_INFINITE_RECURSION = YES;
				CLANG_WARN_INT_CONVERSION = YES;
				CLANG_WARN_OBJC_ROOT_CLASS = YES_ERROR;
				CLANG_WARN_SUSPICIOUS_MOVE = YES;
				CLANG_WARN_UNREACHABLE_CODE = YES;
				CLANG_WARN__DUPLICATE_METHOD_MATCH = YES;
				"CODE_SIGN_IDENTITY[sdk=iphoneos*]" = "iPhone Developer";
				COPY_PHASE_STRIP = NO;
				DEBUG_INFORMATION_FORMAT = dwarf;
				ENABLE_STRICT_OBJC_MSGSEND = YES;
				ENABLE_TESTABILITY = YES;
				GCC_C_LANGUAGE_STANDARD = gnu99;
				GCC_DYNAMIC_NO_PIC = NO;
				GCC_NO_COMMON_BLOCKS = YES;
				GCC_OPTIMIZATION_LEVEL = 0;
				GCC_PREPROCESSOR_DEFINITIONS = (
					"DEBUG=1",
					"$(inherited)",
				);
				GCC_WARN_64_TO_32_BIT_CONVERSION = YES;
				GCC_WARN_ABOUT_RETURN_TYPE = YES_ERROR;
				GCC_WARN_UNDECLARED_SELECTOR = YES;
				GCC_WARN_UNINITIALIZED_AUTOS = YES_AGGRESSIVE;
				GCC_WARN_UNUSED_FUNCTION = YES;
				GCC_WARN_UNUSED_VARIABLE = YES;
				IPHONEOS_DEPLOYMENT_TARGET = 10.2;
				MTL_ENABLE_DEBUG_INFO = YES;
				ONLY_ACTIVE_ARCH = YES;
				SDKROOT = iphoneos;
				SWIFT_ACTIVE_COMPILATION_CONDITIONS = DEBUG;
				SWIFT_OPTIMIZATION_LEVEL = "-Onone";
				TARGETED_DEVICE_FAMILY = "1,2";
			};
			name = Debug;
		};
		52270FDD1E9B8E82004A41D0 /* Release */ = {
			isa = XCBuildConfiguration;
			buildSettings = {
				ALWAYS_SEARCH_USER_PATHS = NO;
				CLANG_ANALYZER_NONNULL = YES;
				CLANG_CXX_LANGUAGE_STANDARD = "gnu++0x";
				CLANG_CXX_LIBRARY = "libc++";
				CLANG_ENABLE_MODULES = YES;
				CLANG_ENABLE_OBJC_ARC = YES;
				CLANG_WARN_BOOL_CONVERSION = YES;
				CLANG_WARN_CONSTANT_CONVERSION = YES;
				CLANG_WARN_DIRECT_OBJC_ISA_USAGE = YES_ERROR;
				CLANG_WARN_DOCUMENTATION_COMMENTS = YES;
				CLANG_WARN_EMPTY_BODY = YES;
				CLANG_WARN_ENUM_CONVERSION = YES;
				CLANG_WARN_INFINITE_RECURSION = YES;
				CLANG_WARN_INT_CONVERSION = YES;
				CLANG_WARN_OBJC_ROOT_CLASS = YES_ERROR;
				CLANG_WARN_SUSPICIOUS_MOVE = YES;
				CLANG_WARN_UNREACHABLE_CODE = YES;
				CLANG_WARN__DUPLICATE_METHOD_MATCH = YES;
				"CODE_SIGN_IDENTITY[sdk=iphoneos*]" = "iPhone Developer";
				COPY_PHASE_STRIP = NO;
				DEBUG_INFORMATION_FORMAT = "dwarf-with-dsym";
				ENABLE_NS_ASSERTIONS = NO;
				ENABLE_STRICT_OBJC_MSGSEND = YES;
				GCC_C_LANGUAGE_STANDARD = gnu99;
				GCC_NO_COMMON_BLOCKS = YES;
				GCC_WARN_64_TO_32_BIT_CONVERSION = YES;
				GCC_WARN_ABOUT_RETURN_TYPE = YES_ERROR;
				GCC_WARN_UNDECLARED_SELECTOR = YES;
				GCC_WARN_UNINITIALIZED_AUTOS = YES_AGGRESSIVE;
				GCC_WARN_UNUSED_FUNCTION = YES;
				GCC_WARN_UNUSED_VARIABLE = YES;
				IPHONEOS_DEPLOYMENT_TARGET = 10.2;
				MTL_ENABLE_DEBUG_INFO = NO;
				SDKROOT = iphoneos;
				SWIFT_OPTIMIZATION_LEVEL = "-Owholemodule";
				TARGETED_DEVICE_FAMILY = "1,2";
				VALIDATE_PRODUCT = YES;
			};
			name = Release;
		};
		52270FDF1E9B8E82004A41D0 /* Debug */ = {
			isa = XCBuildConfiguration;
			buildSettings = {
				ASSETCATALOG_COMPILER_APPICON_NAME = AppIcon;
				DEVELOPMENT_TEAM = CAT99ZHRZC;
				INFOPLIST_FILE = MetallumApp/Info.plist;
				LD_RUNPATH_SEARCH_PATHS = "$(inherited) @executable_path/Frameworks";
				PRODUCT_BUNDLE_IDENTIFIER = hr.fer.iOStecaj.MetallumApp;
				PRODUCT_NAME = "$(TARGET_NAME)";
				SWIFT_VERSION = 3.0;
			};
			name = Debug;
		};
		52270FE01E9B8E82004A41D0 /* Release */ = {
			isa = XCBuildConfiguration;
			buildSettings = {
				ASSETCATALOG_COMPILER_APPICON_NAME = AppIcon;
				DEVELOPMENT_TEAM = CAT99ZHRZC;
				INFOPLIST_FILE = MetallumApp/Info.plist;
				LD_RUNPATH_SEARCH_PATHS = "$(inherited) @executable_path/Frameworks";
				PRODUCT_BUNDLE_IDENTIFIER = hr.fer.iOStecaj.MetallumApp;
				PRODUCT_NAME = "$(TARGET_NAME)";
				SWIFT_VERSION = 3.0;
			};
			name = Release;
		};
/* End XCBuildConfiguration section */

/* Begin XCConfigurationList section */
		52270FC71E9B8E82004A41D0 /* Build configuration list for PBXProject "MetallumApp" */ = {
			isa = XCConfigurationList;
			buildConfigurations = (
				52270FDC1E9B8E82004A41D0 /* Debug */,
				52270FDD1E9B8E82004A41D0 /* Release */,
			);
			defaultConfigurationIsVisible = 0;
			defaultConfigurationName = Release;
		};
		52270FDE1E9B8E82004A41D0 /* Build configuration list for PBXNativeTarget "MetallumApp" */ = {
			isa = XCConfigurationList;
			buildConfigurations = (
				52270FDF1E9B8E82004A41D0 /* Debug */,
				52270FE01E9B8E82004A41D0 /* Release */,
			);
			defaultConfigurationIsVisible = 0;
			defaultConfigurationName = Release;
		};
/* End XCConfigurationList section */

/* Begin XCVersionGroup section */
		52270FE21E9B8EC4004A41D0 /* DataBase.xcdatamodeld */ = {
			isa = XCVersionGroup;
			children = (
				52270FE31E9B8EC4004A41D0 /* DataBase.xcdatamodel */,
			);
			currentVersion = 52270FE31E9B8EC4004A41D0 /* DataBase.xcdatamodel */;
			path = DataBase.xcdatamodeld;
			sourceTree = "<group>";
			versionGroupType = wrapper.xcdatamodel;
		};
/* End XCVersionGroup section */
	};
	rootObject = 52270FC41E9B8E82004A41D0 /* Project object */;
}
